
Microsoft Visual Studio Solution File, Format Version 12.00
# Visual Studio Version 17
VisualStudioVersion = 17.8.34525.116
MinimumVisualStudioVersion = 10.0.40219.1
Project("{FAE04EC0-301F-11D3-BF4B-00C04F79EFBC}") = "WebAppAspNet45", "WebAppAspNet45\WebAppAspNet45.csproj", "{1ACFB105-5E84-49F4-BE3F-9F8654699775}"
EndProject
Global
	GlobalSection(SolutionConfigurationPlatforms) = preSolution
		Debug|Any CPU = Debug|Any CPU
		Release|Any CPU = Release|Any CPU
	EndGlobalSection
	GlobalSection(ProjectConfigurationPlatforms) = postSolution
		{1ACFB105-5E84-49F4-BE3F-9F8654699775}.Debug|Any CPU.ActiveCfg = Debug|Any CPU
		{1ACFB105-5E84-49F4-BE3F-9F8654699775}.Debug|Any CPU.Build.0 = Debug|Any CPU
		{1ACFB105-5E84-49F4-BE3F-9F8654699775}.Release|Any CPU.ActiveCfg = Release|Any CPU
		{1ACFB105-5E84-49F4-BE3F-9F8654699775}.Release|Any CPU.Build.0 = Release|Any CPU
	EndGlobalSection
	GlobalSection(SolutionProperties) = preSolution
		HideSolutionNode = FALSE
	EndGlobalSection
	GlobalSection(ExtensibilityGlobals) = postSolution
		SolutionGuid = {BE5DCC1A-E2E7-4A30-B909-BAB932953598}
	EndGlobalSection
EndGlobal
